
Microsoft Visual Studio Solution File, Format Version 11.00
# Visual Studio 2010
Project("{FAE04EC0-301F-11D3-BF4B-00C04F79EFBC}") = "HubSpotApiDotNet", "HubSpotApiDotNet\HubSpotApiDotNet.csproj", "{3756A831-2878-463D-95A0-8AFF21D4B44D}"
EndProject
Project("{FAE04EC0-301F-11D3-BF4B-00C04F79EFBC}") = "HubSpotApiDotNetConsoleTest", "HubSpotApiDotNetConsoleTest\HubSpotApiDotNetConsoleTest.csproj", "{A177B6C0-0016-4816-B6E0-8FEA1178303E}"
EndProject
Global
	GlobalSection(SolutionConfigurationPlatforms) = preSolution
		Debug|Any CPU = Debug|Any CPU
		Debug|Mixed Platforms = Debug|Mixed Platforms
		Debug|x86 = Debug|x86
		Release|Any CPU = Release|Any CPU
		Release|Mixed Platforms = Release|Mixed Platforms
		Release|x86 = Release|x86
	EndGlobalSection
	GlobalSection(ProjectConfigurationPlatforms) = postSolution
		{3756A831-2878-463D-95A0-8AFF21D4B44D}.Debug|Any CPU.ActiveCfg = Debug|Any CPU
		{3756A831-2878-463D-95A0-8AFF21D4B44D}.Debug|Any CPU.Build.0 = Debug|Any CPU
		{3756A831-2878-463D-95A0-8AFF21D4B44D}.Debug|Mixed Platforms.ActiveCfg = Debug|Any CPU
		{3756A831-2878-463D-95A0-8AFF21D4B44D}.Debug|Mixed Platforms.Build.0 = Debug|Any CPU
		{3756A831-2878-463D-95A0-8AFF21D4B44D}.Debug|x86.ActiveCfg = Debug|Any CPU
		{3756A831-2878-463D-95A0-8AFF21D4B44D}.Release|Any CPU.ActiveCfg = Release|Any CPU
		{3756A831-2878-463D-95A0-8AFF21D4B44D}.Release|Any CPU.Build.0 = Release|Any CPU
		{3756A831-2878-463D-95A0-8AFF21D4B44D}.Release|Mixed Platforms.ActiveCfg = Release|Any CPU
		{3756A831-2878-463D-95A0-8AFF21D4B44D}.Release|Mixed Platforms.Build.0 = Release|Any CPU
		{3756A831-2878-463D-95A0-8AFF21D4B44D}.Release|x86.ActiveCfg = Release|Any CPU
		{A177B6C0-0016-4816-B6E0-8FEA1178303E}.Debug|Any CPU.ActiveCfg = Debug|x86
		{A177B6C0-0016-4816-B6E0-8FEA1178303E}.Debug|Mixed Platforms.ActiveCfg = Debug|x86
		{A177B6C0-0016-4816-B6E0-8FEA1178303E}.Debug|Mixed Platforms.Build.0 = Debug|x86
		{A177B6C0-0016-4816-B6E0-8FEA1178303E}.Debug|x86.ActiveCfg = Debug|x86
		{A177B6C0-0016-4816-B6E0-8FEA1178303E}.Debug|x86.Build.0 = Debug|x86
		{A177B6C0-0016-4816-B6E0-8FEA1178303E}.Release|Any CPU.ActiveCfg = Release|x86
		{A177B6C0-0016-4816-B6E0-8FEA1178303E}.Release|Mixed Platforms.ActiveCfg = Release|x86
		{A177B6C0-0016-4816-B6E0-8FEA1178303E}.Release|Mixed Platforms.Build.0 = Release|x86
		{A177B6C0-0016-4816-B6E0-8FEA1178303E}.Release|x86.ActiveCfg = Release|x86
		{A177B6C0-0016-4816-B6E0-8FEA1178303E}.Release|x86.Build.0 = Release|x86
	EndGlobalSection
	GlobalSection(SolutionProperties) = preSolution
		HideSolutionNode = FALSE
	EndGlobalSection
EndGlobal
